
Microsoft Visual Studio Solution File, Format Version 12.00
# Visual Studio Version 17
VisualStudioVersion = 17.3.32929.385
MinimumVisualStudioVersion = 10.0.40219.1
Project("{FAE04EC0-301F-11D3-BF4B-00C04F79EFBC}") = "SafarParkApp", "SafarParkApp\SafarParkApp.csproj", "{8D723E4D-CD38-4F9D-8403-6A60BCC5EA0F}"
EndProject
Project("{FAE04EC0-301F-11D3-BF4B-00C04F79EFBC}") = "SafariParkTests", "SafariParkTests\SafariParkTests.csproj", "{C73B3F6E-E5B0-464A-A1BD-E4C289032B67}"
EndProject
Global
	GlobalSection(SolutionConfigurationPlatforms) = preSolution
		Debug|Any CPU = Debug|Any CPU
		Release|Any CPU = Release|Any CPU
	EndGlobalSection
	GlobalSection(ProjectConfigurationPlatforms) = postSolution
		{8D723E4D-CD38-4F9D-8403-6A60BCC5EA0F}.Debug|Any CPU.ActiveCfg = Debug|Any CPU
		{8D723E4D-CD38-4F9D-8403-6A60BCC5EA0F}.Debug|Any CPU.Build.0 = Debug|Any CPU
		{8D723E4D-CD38-4F9D-8403-6A60BCC5EA0F}.Release|Any CPU.ActiveCfg = Release|Any CPU
		{8D723E4D-CD38-4F9D-8403-6A60BCC5EA0F}.Release|Any CPU.Build.0 = Release|Any CPU
		{C73B3F6E-E5B0-464A-A1BD-E4C289032B67}.Debug|Any CPU.ActiveCfg = Debug|Any CPU
		{C73B3F6E-E5B0-464A-A1BD-E4C289032B67}.Debug|Any CPU.Build.0 = Debug|Any CPU
		{C73B3F6E-E5B0-464A-A1BD-E4C289032B67}.Release|Any CPU.ActiveCfg = Release|Any CPU
		{C73B3F6E-E5B0-464A-A1BD-E4C289032B67}.Release|Any CPU.Build.0 = Release|Any CPU
	EndGlobalSection
	GlobalSection(SolutionProperties) = preSolution
		HideSolutionNode = FALSE
	EndGlobalSection
	GlobalSection(ExtensibilityGlobals) = postSolution
		SolutionGuid = {0F39E0CC-E108-473F-8680-3BCF1D7D9A2D}
	EndGlobalSection
EndGlobal
